
Microsoft Visual Studio Solution File, Format Version 12.00
# Visual Studio Version 16
VisualStudioVersion = 16.0.29911.84
MinimumVisualStudioVersion = 10.0.40219.1
Project("{FAE04EC0-301F-11D3-BF4B-00C04F79EFBC}") = "Baithuchanhso3", "Baithuchanhso3.csproj", "{CC21A267-581F-4330-AC6E-CA28F6AED8F3}"
EndProject
Global
	GlobalSection(SolutionConfigurationPlatforms) = preSolution
		Debug|Any CPU = Debug|Any CPU
		Release|Any CPU = Release|Any CPU
	EndGlobalSection
	GlobalSection(ProjectConfigurationPlatforms) = postSolution
		{CC21A267-581F-4330-AC6E-CA28F6AED8F3}.Debug|Any CPU.ActiveCfg = Debug|Any CPU
		{CC21A267-581F-4330-AC6E-CA28F6AED8F3}.Debug|Any CPU.Build.0 = Debug|Any CPU
		{CC21A267-581F-4330-AC6E-CA28F6AED8F3}.Release|Any CPU.ActiveCfg = Release|Any CPU
		{CC21A267-581F-4330-AC6E-CA28F6AED8F3}.Release|Any CPU.Build.0 = Release|Any CPU
	EndGlobalSection
	GlobalSection(SolutionProperties) = preSolution
		HideSolutionNode = FALSE
	EndGlobalSection
	GlobalSection(ExtensibilityGlobals) = postSolution
		SolutionGuid = {198F9680-BEC7-4931-88A4-DCC3DFA024AB}
	EndGlobalSection
EndGlobal
